<?xml version="1.0" encoding="utf-8"?>
<Project ToolsVersion="4.0" xmlns="http://schemas.microsoft.com/developer/msbuild/2003">
  <ItemGroup>
    <Filter Include="Source Files">
      <UniqueIdentifier>{4FC737F1-C7A5-4376-A066-2A32D752A2FF}</UniqueIdentifier>
      <Extensions>cpp;c;cc;cxx;def;odl;idl;hpj;bat;asm;asmx</Extensions>
    </Filter>
    <Filter Include="Header Files">
      <UniqueIdentifier>{93995380-89BD-4b04-88EB-625FBE52EBFB}</UniqueIdentifier>
      <Extensions>h;hh;hpp;hxx;hm;inl;inc;ipp;xsd</Extensions>
    </Filter>
    <Filter Include="Resource Files">
      <UniqueIdentifier>{67DA6AB6-F800-4c08-8B7A-83BB121AAD01}</UniqueIdentifier>
      <Extensions>rc;ico;cur;bmp;dlg;rc2;rct;bin;rgs;gif;jpg;jpeg;jpe;resx;tiff;tif;png;wav;mfcribbon-ms</Extensions>
    </Filter>
  </ItemGroup>
  <ItemGroup>
    <ClCompile Include="source\main.cpp">
      <Filter>Source Files</Filter>
    </ClCompile>
    <ClCompile Include="source\TextureManager.cpp">
      <Filter>Source Files</Filter>
    </ClCompile>
    <ClCompile Include="source\sharedData\Constants.cpp">
      <Filter>Source Files</Filter>
    </ClCompile>
    <ClCompile Include="source\sharedData\pch.cpp">
      <Filter>Source Files</Filter>
    </ClCompile>
    <ClCompile Include="source\gameEntities\Brick.cpp">
      <Filter>Source Files</Filter>
    </ClCompile>
    <ClCompile Include="source\gameEntities\Game.cpp">
      <Filter>Source Files</Filter>
    </ClCompile>
    <ClCompile Include="source\gameEntities\GameObject.cpp">
      <Filter>Source Files</Filter>
    </ClCompile>
    <ClCompile Include="source\wrappers\Transform.cpp">
      <Filter>Source Files</Filter>
    </ClCompile>
    <ClCompile Include="source\sharedData\DirectionToVector.cpp">
      <Filter>Source Files</Filter>
    </ClCompile>
    <ClCompile Include="source\gameEntities\MatrixGrid.cpp">
      <Filter>Source Files</Filter>
    </ClCompile>
    <ClCompile Include="source\wrappers\EventsHandler.cpp">
      <Filter>Source Files</Filter>
    </ClCompile>
    <ClCompile Include="source\events\ClickWindow.cpp">
      <Filter>Source Files</Filter>
    </ClCompile>
    <ClCompile Include="source\gameEntities\ParticleSystemManager.cpp">
      <Filter>Source Files</Filter>
    </ClCompile>
    <ClCompile Include="source\gameEntities\Particle.cpp">
      <Filter>Source Files</Filter>
    </ClCompile>
    <ClCompile Include="source\gameEntities\ParticleGroup.cpp">
      <Filter>Source Files</Filter>
    </ClCompile>
  </ItemGroup>
  <ItemGroup>
    <ClInclude Include="source\TextureManager.h">
      <Filter>Header Files</Filter>
    </ClInclude>
    <ClInclude Include="source\sharedData\Aliases.h">
      <Filter>Header Files</Filter>
    </ClInclude>
    <ClInclude Include="source\sharedData\Constants.h">
      <Filter>Header Files</Filter>
    </ClInclude>
    <ClInclude Include="source\sharedData\Enums.h">
      <Filter>Header Files</Filter>
    </ClInclude>
    <ClInclude Include="source\sharedData\pch.h">
      <Filter>Header Files</Filter>
    </ClInclude>
    <ClInclude Include="source\gameEntities\Brick.h">
      <Filter>Header Files</Filter>
    </ClInclude>
    <ClInclude Include="source\gameEntities\Game.h">
      <Filter>Header Files</Filter>
    </ClInclude>
    <ClInclude Include="source\gameEntities\GameObject.h">
      <Filter>Header Files</Filter>
    </ClInclude>
    <ClInclude Include="source\wrappers\Transform.h">
      <Filter>Header Files</Filter>
    </ClInclude>
    <ClInclude Include="source\sharedData\DirectionToVector.h">
      <Filter>Header Files</Filter>
    </ClInclude>
    <ClInclude Include="source\interfaces\IGrid.h">
      <Filter>Header Files</Filter>
    </ClInclude>
    <ClInclude Include="source\gameEntities\MatrixGrid.h">
      <Filter>Header Files</Filter>
    </ClInclude>
    <ClInclude Include="source\wrappers\EventsHandler.h">
      <Filter>Header Files</Filter>
    </ClInclude>
    <ClInclude Include="source\interfaces\IClickEvent.h">
      <Filter>Header Files</Filter>
    </ClInclude>
    <ClInclude Include="source\events\ClickWindow.h">
      <Filter>Header Files</Filter>
    </ClInclude>
    <ClInclude Include="source\gameEntities\ParticleSystemManager.h">
      <Filter>Header Files</Filter>
    </ClInclude>
    <ClInclude Include="source\gameEntities\Particle.h">
      <Filter>Header Files</Filter>
    </ClInclude>
    <ClInclude Include="source\wrappers\RNGFunctions.h">
      <Filter>Header Files</Filter>
    </ClInclude>
    <ClInclude Include="source\gameEntities\ParticleGroup.h">
      <Filter>Header Files</Filter>
    </ClInclude>
  </ItemGroup>
</Project>